// !$*UTF8*$!
{
	archiveVersion = 1;
	classes = {
	};
	objectVersion = 51;
	objects = {

/* Begin PBXBuildFile section */
		002683274E5D2D6E7D5DC77D /* Assets.xcassets in Resources */ = {isa = PBXBuildFile; fileRef = FAD8BC920D212104E582F452 /* Assets.xcassets */; };
		01B2E4E920FE705B1B1A100C /* PasscodeConfiguration.swift in Sources */ = {isa = PBXBuildFile; fileRef = AED6275E2A950BF90DC7D5FA /* PasscodeConfiguration.swift */; };
		0A61FD7AEF799E111ED0F7A2 /* ViewController.swift in Sources */ = {isa = PBXBuildFile; fileRef = A8C369AEAF53C1F377492A29 /* ViewController.swift */; };
		0A6E3E99E4D2DC94637087AF /* step2_wrong2.PNG in Resources */ = {isa = PBXBuildFile; fileRef = 6053B179D8F679956CD701D3 /* step2_wrong2.PNG */; };
		0B75704934318F0C8CAB02EF /* PasscodeViewModelType.swift in Sources */ = {isa = PBXBuildFile; fileRef = 7CF2B5E3B00AD876EDBA02AA /* PasscodeViewModelType.swift */; };
		0C0BF31C0BB91AE6D72CA3D3 /* passcude_input.jpeg in Resources */ = {isa = PBXBuildFile; fileRef = 8FB0139F42227360AB2EB7AC /* passcude_input.jpeg */; };
		0D73702CD99787D3B440CD4A /* PasscodeNumericPadView.xib in Resources */ = {isa = PBXBuildFile; fileRef = FE656E5A3EBF0EFBEF29D8D7 /* PasscodeNumericPadView.xib */; };
		10D625CB81E855BBA3ACB732 /* UIView+Gradient.swift in Sources */ = {isa = PBXBuildFile; fileRef = 9AD6E3DB6125ECCB19894F27 /* UIView+Gradient.swift */; };
		18F6D0DBFA328830EED48A09 /* PasscodeSignsView.swift in Sources */ = {isa = PBXBuildFile; fileRef = 7B632EC6DB6C57CBF3A7C083 /* PasscodeSignsView.swift */; };
		230A7F5F80B87CEA8EB3DC58 /* LinePayPasscodeVC.swift in Sources */ = {isa = PBXBuildFile; fileRef = 8FCFA3162D52A7A38035D189 /* LinePayPasscodeVC.swift */; };
		351061B7833E0A8499B75EE6 /* BehaviorDriver.swift in Sources */ = {isa = PBXBuildFile; fileRef = 717DB2C1366EFBEC3DAF6A66 /* BehaviorDriver.swift */; };
		3B15C9908FE16F5B417D2877 /* passcode.PNG in Resources */ = {isa = PBXBuildFile; fileRef = 55FCB55D77840802C3649955 /* passcode.PNG */; };
		40BB2ED41D966B83D3E92939 /* PublishSignal.swift in Sources */ = {isa = PBXBuildFile; fileRef = FCF32EF2C222EC8A974DE108 /* PublishSignal.swift */; };
		4D589B4AF9D27CF203AB2617 /* step2_wrong.PNG in Resources */ = {isa = PBXBuildFile; fileRef = F7D62828C1E120383B5C79C3 /* step2_wrong.PNG */; };
		50534037060F3E7AEE1B2413 /* AppDelegate.swift in Sources */ = {isa = PBXBuildFile; fileRef = E27C233B446B375E3CA4A890 /* AppDelegate.swift */; };
		69B594243D6BA5FCB61E56C4 /* turn_on_touchid_step1.PNG in Resources */ = {isa = PBXBuildFile; fileRef = 163B6EEC7317C065DCBB1F3A /* turn_on_touchid_step1.PNG */; };
		709910C1FA8C2E3209A624D5 /* HomeTableCell.swift in Sources */ = {isa = PBXBuildFile; fileRef = 8A21F0BB0B403D8C40E3BCAA /* HomeTableCell.swift */; };
		740A907F166BA7353D3AA42C /* step3_success.PNG in Resources */ = {isa = PBXBuildFile; fileRef = 4AAA02FF176D3A3648DA4534 /* step3_success.PNG */; };
		778B53237A343D2AF52C7353 /* step1.PNG in Resources */ = {isa = PBXBuildFile; fileRef = 0025BFB5E9668CCF17CF2C33 /* step1.PNG */; };
		78B915FA3EBD2A4037DFA866 /* PasscodeSetupViewModel.swift in Sources */ = {isa = PBXBuildFile; fileRef = 556E7636C04AE2F5E91171DD /* PasscodeSetupViewModel.swift */; };
		7990113BCAA77412845CC301 /* PasscodeAuthViewModel.swift in Sources */ = {isa = PBXBuildFile; fileRef = B3BF8A69D65E2A4EED5E9363 /* PasscodeAuthViewModel.swift */; };
		A6C850C419B383537B18FB34 /* PasscodeNumericButton.swift in Sources */ = {isa = PBXBuildFile; fileRef = 9A43240A3C16D73964EC011C /* PasscodeNumericButton.swift */; };
		A7B69D98025214FC7FF64CE6 /* step3_last.PNG in Resources */ = {isa = PBXBuildFile; fileRef = 5C03D92C060C0B8B099B7A71 /* step3_last.PNG */; };
		A908021B80C9F561DB1AFDA0 /* LineColors.swift in Sources */ = {isa = PBXBuildFile; fileRef = 99859D79B633D91B570AEB50 /* LineColors.swift */; };
		AD92E0C7F3BF02838A75B534 /* HomeTableViewController.swift in Sources */ = {isa = PBXBuildFile; fileRef = BBC4750323F774972FFBBA58 /* HomeTableViewController.swift */; };
		AF4544305CC3AE38C1C89FCF /* BaseNavController.swift in Sources */ = {isa = PBXBuildFile; fileRef = 30D9812D98CC26C058E64654 /* BaseNavController.swift */; };
		B74D628EB5D798264DC8877B /* launch.PNG in Resources */ = {isa = PBXBuildFile; fileRef = 0829932EF3AD7620F74DC4E0 /* launch.PNG */; };
		B8EFD226CF07BF2F159A0D10 /* PasscodeNumericPadView.swift in Sources */ = {isa = PBXBuildFile; fileRef = FC84F565EEFFCC513ABAE6BA /* PasscodeNumericPadView.swift */; };
		BDDDEED49821EE4AAEA48BA0 /* UINib+VIew.swift in Sources */ = {isa = PBXBuildFile; fileRef = 65842E25742B15F78CA6EDCE /* UINib+VIew.swift */; };
		C30FEDD4C16B05A71D80B212 /* turn_on_touchid_step2.PNG in Resources */ = {isa = PBXBuildFile; fileRef = 1F6CA9F3DF53AFC78BEBF459 /* turn_on_touchid_step2.PNG */; };
		C608C4FBDD188C21165E9DF3 /* SnapKitExtensions.swift in Sources */ = {isa = PBXBuildFile; fileRef = 8DC04D2382174AB1752BC4FD /* SnapKitExtensions.swift */; };
		C694BDC713BDE21A20BE3599 /* Biometry.swift in Sources */ = {isa = PBXBuildFile; fileRef = 8A823A9F0B6F2478527DAEB4 /* Biometry.swift */; };
		CCFA9BDEA4BDDD4CBBF2FB43 /* PasscodeChangeViewModel.swift in Sources */ = {isa = PBXBuildFile; fileRef = C8776D3C81EF053BFB7E1EF6 /* PasscodeChangeViewModel.swift */; };
		D7F8A6513433A445C124A958 /* LinePayHomeVC.swift in Sources */ = {isa = PBXBuildFile; fileRef = EBE54F9824C7BF97EAFD9D1D /* LinePayHomeVC.swift */; };
		DC502E7227DA7DD4FE824AAB /* turn_on_touchid.PNG in Resources */ = {isa = PBXBuildFile; fileRef = D3FC8E06AA31DD5B08ADB07B /* turn_on_touchid.PNG */; };
		DEDE50DEEDB37242E8069297 /* UIViewController+Rx.swift in Sources */ = {isa = PBXBuildFile; fileRef = 82EF4FBA2787D4600F7E7929 /* UIViewController+Rx.swift */; };
		E00172B525DE4F3200B8C380 /* ExampleBasicContentView.swift in Sources */ = {isa = PBXBuildFile; fileRef = E00172B425DE4F3200B8C380 /* ExampleBasicContentView.swift */; };
		E00172B625DE4F3200B8C380 /* ExampleIrregularityContentView.swift in Sources */ = {isa = PBXBuildFile; fileRef = E00172B325DE4F3200B8C380 /* ExampleIrregularityContentView.swift */; };
		E00172B825DE4F3200B8C380 /* ExampleBackgroundContentView.swift in Sources */ = {isa = PBXBuildFile; fileRef = E00172B025DE4F3200B8C380 /* ExampleBackgroundContentView.swift */; };
		E00172B925DE4F3200B8C380 /* ExampleBouncesContentView.swift in Sources */ = {isa = PBXBuildFile; fileRef = E00172B125DE4F3200B8C380 /* ExampleBouncesContentView.swift */; };
		E0031A4B25E62A8A00BFFDF0 /* BarcodeVC.swift in Sources */ = {isa = PBXBuildFile; fileRef = E0031A4A25E62A8A00BFFDF0 /* BarcodeVC.swift */; };
		E0031A4F25E64BD600BFFDF0 /* DebugLog.swift in Sources */ = {isa = PBXBuildFile; fileRef = E0031A4E25E64BD600BFFDF0 /* DebugLog.swift */; };
		E0031A5225E6508F00BFFDF0 /* BarcodeTypeSettingVC.swift in Sources */ = {isa = PBXBuildFile; fileRef = E0031A5125E6508F00BFFDF0 /* BarcodeTypeSettingVC.swift */; };
		E0031A5525E6582C00BFFDF0 /* BarcodeSettingStore.swift in Sources */ = {isa = PBXBuildFile; fileRef = E0031A5425E6582C00BFFDF0 /* BarcodeSettingStore.swift */; };
		E0031A5D25E8A1F600BFFDF0 /* LocalizationDemoVC.swift in Sources */ = {isa = PBXBuildFile; fileRef = E0031A5C25E8A1F600BFFDF0 /* LocalizationDemoVC.swift */; };
		E0031D432601B5E500BFFDF0 /* FontSizeVC.swift in Sources */ = {isa = PBXBuildFile; fileRef = E0031D422601B5E400BFFDF0 /* FontSizeVC.swift */; };
		E0031D482601B61200BFFDF0 /* FontManager.swift in Sources */ = {isa = PBXBuildFile; fileRef = E0031D472601B61200BFFDF0 /* FontManager.swift */; };
		E0091E9826020AA2005AA433 /* Localize++.swift in Sources */ = {isa = PBXBuildFile; fileRef = E0091E9726020AA2005AA433 /* Localize++.swift */; };
		E038C12525DD0FE1006E93E5 /* ConvexTabBar.swift in Sources */ = {isa = PBXBuildFile; fileRef = E038C12425DD0FE1006E93E5 /* ConvexTabBar.swift */; };
		E038C12925DD1055006E93E5 /* MainTabBarController.swift in Sources */ = {isa = PBXBuildFile; fileRef = E038C12825DD1055006E93E5 /* MainTabBarController.swift */; };
		E038C13025DD16C3006E93E5 /* TestContentPageViewController.swift in Sources */ = {isa = PBXBuildFile; fileRef = E038C12F25DD16C3006E93E5 /* TestContentPageViewController.swift */; };
		E065D0D2260D9313009C5883 /* UIViewController+BDTabBar.swift in Sources */ = {isa = PBXBuildFile; fileRef = E065D0D1260D9313009C5883 /* UIViewController+BDTabBar.swift */; };
		E06C2D0A260B48B3009E8570 /* BDTabBarController.swift in Sources */ = {isa = PBXBuildFile; fileRef = E06C2D09260B48B3009E8570 /* BDTabBarController.swift */; };
		E06C2D0D260B4F19009E8570 /* BDTabBar.swift in Sources */ = {isa = PBXBuildFile; fileRef = E06C2D0C260B4F19009E8570 /* BDTabBar.swift */; };
		E06C2D10260B4F38009E8570 /* BDTabBarItemContentView.swift in Sources */ = {isa = PBXBuildFile; fileRef = E06C2D0F260B4F38009E8570 /* BDTabBarItemContentView.swift */; };
		E06C2D14260B519E009E8570 /* BDTabBarItemContainer.swift in Sources */ = {isa = PBXBuildFile; fileRef = E06C2D13260B519E009E8570 /* BDTabBarItemContainer.swift */; };
		E06C2D19260B54F9009E8570 /* BDBaseViewController.swift in Sources */ = {isa = PBXBuildFile; fileRef = E06C2D18260B54F9009E8570 /* BDBaseViewController.swift */; };
		E06C2D1E260C7FFD009E8570 /* BDTabBarItem.swift in Sources */ = {isa = PBXBuildFile; fileRef = E06C2D1D260C7FFD009E8570 /* BDTabBarItem.swift */; };
		E077A7392601F04C0058739E /* Main.storyboard in Resources */ = {isa = PBXBuildFile; fileRef = E077A7382601F04C0058739E /* Main.storyboard */; };
		E077A73C2601F0560058739E /* LaunchScreen.storyboard in Resources */ = {isa = PBXBuildFile; fileRef = E077A73B2601F0560058739E /* LaunchScreen.storyboard */; };
		E077A7422601F15D0058739E /* Localizable.strings in Resources */ = {isa = PBXBuildFile; fileRef = E077A7442601F15D0058739E /* Localizable.strings */; };
		E077A769260203090058739E /* LocalizeSettingTableVC.swift in Sources */ = {isa = PBXBuildFile; fileRef = E077A768260203090058739E /* LocalizeSettingTableVC.swift */; };
		E0FBFA5125DD279A00A32F54 /* TestDelegateTabController.swift in Sources */ = {isa = PBXBuildFile; fileRef = E0FBFA4F25DD279A00A32F54 /* TestDelegateTabController.swift */; };
		E0FBFA5225DD279A00A32F54 /* TestDelegateTabController.xib in Resources */ = {isa = PBXBuildFile; fileRef = E0FBFA5025DD279A00A32F54 /* TestDelegateTabController.xib */; };
		E1521F8BB8CD1E0D8220EECA /* Pods_PracticeUI.framework in Frameworks */ = {isa = PBXBuildFile; fileRef = 93321054ABFEACE2F9DE0A3C /* Pods_PracticeUI.framework */; };
		E388DC066AFD0EC578A73637 /* step3.PNG in Resources */ = {isa = PBXBuildFile; fileRef = 0F55589E9875A4A6690B32C8 /* step3.PNG */; };
		EA2280D22ECC57685E949DF8 /* step2_tips.PNG in Resources */ = {isa = PBXBuildFile; fileRef = E92451BF01E8A229D23E5BD0 /* step2_tips.PNG */; };
		ED4C4C4DCB8EF2F81138A040 /* PasscodeStorageMock.swift in Sources */ = {isa = PBXBuildFile; fileRef = F7EFE3346306EC9E3A2EC31F /* PasscodeStorageMock.swift */; };
		EF2321AE5562B23684AE98E2 /* step2.PNG in Resources */ = {isa = PBXBuildFile; fileRef = 89217A18EA0827F54DDFB2AA /* step2.PNG */; };
		F7C0A205E2651B3F187CA29B /* UserDefaults+Key.swift in Sources */ = {isa = PBXBuildFile; fileRef = BFBB4413BB3BD120719C2844 /* UserDefaults+Key.swift */; };
		FBB285F11D179098F43C5578 /* passcode_button_press.PNG in Resources */ = {isa = PBXBuildFile; fileRef = BCF1699A09962EB67585902F /* passcode_button_press.PNG */; };
/* End PBXBuildFile section */

/* Begin PBXFileReference section */
		0025BFB5E9668CCF17CF2C33 /* step1.PNG */ = {isa = PBXFileReference; lastKnownFileType = image.png; path = step1.PNG; sourceTree = "<group>"; };
		0829932EF3AD7620F74DC4E0 /* launch.PNG */ = {isa = PBXFileReference; lastKnownFileType = image.png; path = launch.PNG; sourceTree = "<group>"; };
		0F55589E9875A4A6690B32C8 /* step3.PNG */ = {isa = PBXFileReference; lastKnownFileType = image.png; path = step3.PNG; sourceTree = "<group>"; };
		13037A9929F0E86D11309591 /* PracticeUI.app */ = {isa = PBXFileReference; explicitFileType = wrapper.application; includeInIndex = 0; path = PracticeUI.app; sourceTree = BUILT_PRODUCTS_DIR; };
		163B6EEC7317C065DCBB1F3A /* turn_on_touchid_step1.PNG */ = {isa = PBXFileReference; lastKnownFileType = image.png; path = turn_on_touchid_step1.PNG; sourceTree = "<group>"; };
		1F6CA9F3DF53AFC78BEBF459 /* turn_on_touchid_step2.PNG */ = {isa = PBXFileReference; lastKnownFileType = image.png; path = turn_on_touchid_step2.PNG; sourceTree = "<group>"; };
		30D9812D98CC26C058E64654 /* BaseNavController.swift */ = {isa = PBXFileReference; lastKnownFileType = sourcecode.swift; path = BaseNavController.swift; sourceTree = "<group>"; };
		4AAA02FF176D3A3648DA4534 /* step3_success.PNG */ = {isa = PBXFileReference; lastKnownFileType = image.png; path = step3_success.PNG; sourceTree = "<group>"; };
		556E7636C04AE2F5E91171DD /* PasscodeSetupViewModel.swift */ = {isa = PBXFileReference; lastKnownFileType = sourcecode.swift; path = PasscodeSetupViewModel.swift; sourceTree = "<group>"; };
		55FCB55D77840802C3649955 /* passcode.PNG */ = {isa = PBXFileReference; lastKnownFileType = image.png; path = passcode.PNG; sourceTree = "<group>"; };
		5C03D92C060C0B8B099B7A71 /* step3_last.PNG */ = {isa = PBXFileReference; lastKnownFileType = image.png; path = step3_last.PNG; sourceTree = "<group>"; };
		6053B179D8F679956CD701D3 /* step2_wrong2.PNG */ = {isa = PBXFileReference; lastKnownFileType = image.png; path = step2_wrong2.PNG; sourceTree = "<group>"; };
		65842E25742B15F78CA6EDCE /* UINib+VIew.swift */ = {isa = PBXFileReference; lastKnownFileType = sourcecode.swift; path = "UINib+VIew.swift"; sourceTree = "<group>"; };
		717DB2C1366EFBEC3DAF6A66 /* BehaviorDriver.swift */ = {isa = PBXFileReference; lastKnownFileType = sourcecode.swift; path = BehaviorDriver.swift; sourceTree = "<group>"; };
		7B632EC6DB6C57CBF3A7C083 /* PasscodeSignsView.swift */ = {isa = PBXFileReference; lastKnownFileType = sourcecode.swift; path = PasscodeSignsView.swift; sourceTree = "<group>"; };
		7CF2B5E3B00AD876EDBA02AA /* PasscodeViewModelType.swift */ = {isa = PBXFileReference; lastKnownFileType = sourcecode.swift; path = PasscodeViewModelType.swift; sourceTree = "<group>"; };
		7D8C98D66D96E1BAB978B116 /* staging.xcconfig */ = {isa = PBXFileReference; lastKnownFileType = text.xcconfig; path = staging.xcconfig; sourceTree = "<group>"; };
		82EF4FBA2787D4600F7E7929 /* UIViewController+Rx.swift */ = {isa = PBXFileReference; lastKnownFileType = sourcecode.swift; path = "UIViewController+Rx.swift"; sourceTree = "<group>"; };
		89217A18EA0827F54DDFB2AA /* step2.PNG */ = {isa = PBXFileReference; lastKnownFileType = image.png; path = step2.PNG; sourceTree = "<group>"; };
		8A21F0BB0B403D8C40E3BCAA /* HomeTableCell.swift */ = {isa = PBXFileReference; lastKnownFileType = sourcecode.swift; path = HomeTableCell.swift; sourceTree = "<group>"; };
		8A823A9F0B6F2478527DAEB4 /* Biometry.swift */ = {isa = PBXFileReference; lastKnownFileType = sourcecode.swift; path = Biometry.swift; sourceTree = "<group>"; };
		8DC04D2382174AB1752BC4FD /* SnapKitExtensions.swift */ = {isa = PBXFileReference; lastKnownFileType = sourcecode.swift; path = SnapKitExtensions.swift; sourceTree = "<group>"; };
		8FB0139F42227360AB2EB7AC /* passcude_input.jpeg */ = {isa = PBXFileReference; lastKnownFileType = image.jpeg; path = passcude_input.jpeg; sourceTree = "<group>"; };
		8FCFA3162D52A7A38035D189 /* LinePayPasscodeVC.swift */ = {isa = PBXFileReference; lastKnownFileType = sourcecode.swift; path = LinePayPasscodeVC.swift; sourceTree = "<group>"; };
		93321054ABFEACE2F9DE0A3C /* Pods_PracticeUI.framework */ = {isa = PBXFileReference; explicitFileType = wrapper.framework; includeInIndex = 0; path = Pods_PracticeUI.framework; sourceTree = BUILT_PRODUCTS_DIR; };
		99859D79B633D91B570AEB50 /* LineColors.swift */ = {isa = PBXFileReference; lastKnownFileType = sourcecode.swift; path = LineColors.swift; sourceTree = "<group>"; };
		9A43240A3C16D73964EC011C /* PasscodeNumericButton.swift */ = {isa = PBXFileReference; lastKnownFileType = sourcecode.swift; path = PasscodeNumericButton.swift; sourceTree = "<group>"; };
		9AD6E3DB6125ECCB19894F27 /* UIView+Gradient.swift */ = {isa = PBXFileReference; lastKnownFileType = sourcecode.swift; path = "UIView+Gradient.swift"; sourceTree = "<group>"; };
		A78E26E956F9DE72F948D912 /* Pods-PracticeUI.release.xcconfig */ = {isa = PBXFileReference; includeInIndex = 1; lastKnownFileType = text.xcconfig; name = "Pods-PracticeUI.release.xcconfig"; path = "Target Support Files/Pods-PracticeUI/Pods-PracticeUI.release.xcconfig"; sourceTree = "<group>"; };
		A8C369AEAF53C1F377492A29 /* ViewController.swift */ = {isa = PBXFileReference; lastKnownFileType = sourcecode.swift; path = ViewController.swift; sourceTree = "<group>"; };
		AED6275E2A950BF90DC7D5FA /* PasscodeConfiguration.swift */ = {isa = PBXFileReference; lastKnownFileType = sourcecode.swift; path = PasscodeConfiguration.swift; sourceTree = "<group>"; };
		B3BF8A69D65E2A4EED5E9363 /* PasscodeAuthViewModel.swift */ = {isa = PBXFileReference; lastKnownFileType = sourcecode.swift; path = PasscodeAuthViewModel.swift; sourceTree = "<group>"; };
		B57CEB181A9CAAB6D4328600 /* Pods-PracticeUI.staging.xcconfig */ = {isa = PBXFileReference; includeInIndex = 1; lastKnownFileType = text.xcconfig; name = "Pods-PracticeUI.staging.xcconfig"; path = "Target Support Files/Pods-PracticeUI/Pods-PracticeUI.staging.xcconfig"; sourceTree = "<group>"; };
		B602094E70CF6E1CA2D0A9BE /* release.xcconfig */ = {isa = PBXFileReference; lastKnownFileType = text.xcconfig; path = release.xcconfig; sourceTree = "<group>"; };
		B84B2C044AE70428E84F85A9 /* debug.xcconfig */ = {isa = PBXFileReference; lastKnownFileType = text.xcconfig; path = debug.xcconfig; sourceTree = "<group>"; };
		BBC4750323F774972FFBBA58 /* HomeTableViewController.swift */ = {isa = PBXFileReference; lastKnownFileType = sourcecode.swift; path = HomeTableViewController.swift; sourceTree = "<group>"; };
		BCF1699A09962EB67585902F /* passcode_button_press.PNG */ = {isa = PBXFileReference; lastKnownFileType = image.png; path = passcode_button_press.PNG; sourceTree = "<group>"; };
		BFBB4413BB3BD120719C2844 /* UserDefaults+Key.swift */ = {isa = PBXFileReference; lastKnownFileType = sourcecode.swift; path = "UserDefaults+Key.swift"; sourceTree = "<group>"; };
		C8776D3C81EF053BFB7E1EF6 /* PasscodeChangeViewModel.swift */ = {isa = PBXFileReference; lastKnownFileType = sourcecode.swift; path = PasscodeChangeViewModel.swift; sourceTree = "<group>"; };
		D3FC8E06AA31DD5B08ADB07B /* turn_on_touchid.PNG */ = {isa = PBXFileReference; lastKnownFileType = image.png; path = turn_on_touchid.PNG; sourceTree = "<group>"; };
		DB34B102A895914299968338 /* Info.plist */ = {isa = PBXFileReference; lastKnownFileType = text.plist; path = Info.plist; sourceTree = "<group>"; };
		E00172AA25DE4AF200B8C380 /* ExampleHighlightableContentView.swift */ = {isa = PBXFileReference; lastKnownFileType = sourcecode.swift; path = ExampleHighlightableContentView.swift; sourceTree = "<group>"; };
		E00172B025DE4F3200B8C380 /* ExampleBackgroundContentView.swift */ = {isa = PBXFileReference; lastKnownFileType = sourcecode.swift; path = ExampleBackgroundContentView.swift; sourceTree = "<group>"; };
		E00172B125DE4F3200B8C380 /* ExampleBouncesContentView.swift */ = {isa = PBXFileReference; lastKnownFileType = sourcecode.swift; path = ExampleBouncesContentView.swift; sourceTree = "<group>"; };
		E00172B325DE4F3200B8C380 /* ExampleIrregularityContentView.swift */ = {isa = PBXFileReference; lastKnownFileType = sourcecode.swift; path = ExampleIrregularityContentView.swift; sourceTree = "<group>"; };
		E00172B425DE4F3200B8C380 /* ExampleBasicContentView.swift */ = {isa = PBXFileReference; lastKnownFileType = sourcecode.swift; path = ExampleBasicContentView.swift; sourceTree = "<group>"; };
		E0031A4A25E62A8A00BFFDF0 /* BarcodeVC.swift */ = {isa = PBXFileReference; lastKnownFileType = sourcecode.swift; path = BarcodeVC.swift; sourceTree = "<group>"; };
		E0031A4E25E64BD600BFFDF0 /* DebugLog.swift */ = {isa = PBXFileReference; lastKnownFileType = sourcecode.swift; path = DebugLog.swift; sourceTree = "<group>"; };
		E0031A5125E6508F00BFFDF0 /* BarcodeTypeSettingVC.swift */ = {isa = PBXFileReference; lastKnownFileType = sourcecode.swift; path = BarcodeTypeSettingVC.swift; sourceTree = "<group>"; };
		E0031A5425E6582C00BFFDF0 /* BarcodeSettingStore.swift */ = {isa = PBXFileReference; lastKnownFileType = sourcecode.swift; path = BarcodeSettingStore.swift; sourceTree = "<group>"; };
		E0031A5C25E8A1F600BFFDF0 /* LocalizationDemoVC.swift */ = {isa = PBXFileReference; lastKnownFileType = sourcecode.swift; path = LocalizationDemoVC.swift; sourceTree = "<group>"; };
		E0031D422601B5E400BFFDF0 /* FontSizeVC.swift */ = {isa = PBXFileReference; lastKnownFileType = sourcecode.swift; path = FontSizeVC.swift; sourceTree = "<group>"; };
		E0031D472601B61200BFFDF0 /* FontManager.swift */ = {isa = PBXFileReference; lastKnownFileType = sourcecode.swift; path = FontManager.swift; sourceTree = "<group>"; };
		E0091E9526020971005AA433 /* fr-CA */ = {isa = PBXFileReference; lastKnownFileType = text.plist.strings; name = "fr-CA"; path = "fr-CA.lproj/Localizable.strings"; sourceTree = "<group>"; };
		E0091E9726020AA2005AA433 /* Localize++.swift */ = {isa = PBXFileReference; lastKnownFileType = sourcecode.swift; path = "Localize++.swift"; sourceTree = "<group>"; };
		E038C12425DD0FE1006E93E5 /* ConvexTabBar.swift */ = {isa = PBXFileReference; lastKnownFileType = sourcecode.swift; path = ConvexTabBar.swift; sourceTree = "<group>"; };
		E038C12825DD1055006E93E5 /* MainTabBarController.swift */ = {isa = PBXFileReference; lastKnownFileType = sourcecode.swift; path = MainTabBarController.swift; sourceTree = "<group>"; };
		E038C12F25DD16C3006E93E5 /* TestContentPageViewController.swift */ = {isa = PBXFileReference; lastKnownFileType = sourcecode.swift; path = TestContentPageViewController.swift; sourceTree = "<group>"; };
		E065D0D1260D9313009C5883 /* UIViewController+BDTabBar.swift */ = {isa = PBXFileReference; lastKnownFileType = sourcecode.swift; path = "UIViewController+BDTabBar.swift"; sourceTree = "<group>"; };
		E06C2D09260B48B3009E8570 /* BDTabBarController.swift */ = {isa = PBXFileReference; lastKnownFileType = sourcecode.swift; path = BDTabBarController.swift; sourceTree = "<group>"; };
		E06C2D0C260B4F19009E8570 /* BDTabBar.swift */ = {isa = PBXFileReference; lastKnownFileType = sourcecode.swift; path = BDTabBar.swift; sourceTree = "<group>"; };
		E06C2D0F260B4F38009E8570 /* BDTabBarItemContentView.swift */ = {isa = PBXFileReference; lastKnownFileType = sourcecode.swift; path = BDTabBarItemContentView.swift; sourceTree = "<group>"; };
		E06C2D13260B519E009E8570 /* BDTabBarItemContainer.swift */ = {isa = PBXFileReference; lastKnownFileType = sourcecode.swift; path = BDTabBarItemContainer.swift; sourceTree = "<group>"; };
		E06C2D18260B54F9009E8570 /* BDBaseViewController.swift */ = {isa = PBXFileReference; lastKnownFileType = sourcecode.swift; path = BDBaseViewController.swift; sourceTree = "<group>"; };
		E06C2D1D260C7FFD009E8570 /* BDTabBarItem.swift */ = {isa = PBXFileReference; lastKnownFileType = sourcecode.swift; path = BDTabBarItem.swift; sourceTree = "<group>"; };
		E077A7382601F04C0058739E /* Main.storyboard */ = {isa = PBXFileReference; fileEncoding = 4; lastKnownFileType = file.storyboard; path = Main.storyboard; sourceTree = "<group>"; };
		E077A73B2601F0560058739E /* LaunchScreen.storyboard */ = {isa = PBXFileReference; fileEncoding = 4; lastKnownFileType = file.storyboard; path = LaunchScreen.storyboard; sourceTree = "<group>"; };
		E077A7432601F15D0058739E /* en */ = {isa = PBXFileReference; lastKnownFileType = text.plist.strings; name = en; path = en.lproj/Localizable.strings; sourceTree = "<group>"; };
		E077A7462601F1600058739E /* zh-Hant */ = {isa = PBXFileReference; lastKnownFileType = text.plist.strings; name = "zh-Hant"; path = "zh-Hant.lproj/Localizable.strings"; sourceTree = "<group>"; };
		E077A7472601F1630058739E /* fr */ = {isa = PBXFileReference; lastKnownFileType = text.plist.strings; name = fr; path = fr.lproj/Localizable.strings; sourceTree = "<group>"; };
		E077A7482601F1630058739E /* ko */ = {isa = PBXFileReference; lastKnownFileType = text.plist.strings; name = ko; path = ko.lproj/Localizable.strings; sourceTree = "<group>"; };
		E077A7492601F1630058739E /* ja */ = {isa = PBXFileReference; lastKnownFileType = text.plist.strings; name = ja; path = ja.lproj/Localizable.strings; sourceTree = "<group>"; };
		E077A74A2601F1640058739E /* de */ = {isa = PBXFileReference; lastKnownFileType = text.plist.strings; name = de; path = de.lproj/Localizable.strings; sourceTree = "<group>"; };
		E077A768260203090058739E /* LocalizeSettingTableVC.swift */ = {isa = PBXFileReference; lastKnownFileType = sourcecode.swift; path = LocalizeSettingTableVC.swift; sourceTree = "<group>"; };
		E0A395E626088BFC000189F7 /* es */ = {isa = PBXFileReference; lastKnownFileType = text.plist.strings; name = es; path = es.lproj/Localizable.strings; sourceTree = "<group>"; };
		E0FBFA4F25DD279A00A32F54 /* TestDelegateTabController.swift */ = {isa = PBXFileReference; lastKnownFileType = sourcecode.swift; path = TestDelegateTabController.swift; sourceTree = "<group>"; };
		E0FBFA5025DD279A00A32F54 /* TestDelegateTabController.xib */ = {isa = PBXFileReference; lastKnownFileType = file.xib; path = TestDelegateTabController.xib; sourceTree = "<group>"; };
		E27C233B446B375E3CA4A890 /* AppDelegate.swift */ = {isa = PBXFileReference; lastKnownFileType = sourcecode.swift; path = AppDelegate.swift; sourceTree = "<group>"; };
		E2BAF3AEA2BDAD0E116EE205 /* Pods-PracticeUI.debug.xcconfig */ = {isa = PBXFileReference; includeInIndex = 1; lastKnownFileType = text.xcconfig; name = "Pods-PracticeUI.debug.xcconfig"; path = "Target Support Files/Pods-PracticeUI/Pods-PracticeUI.debug.xcconfig"; sourceTree = "<group>"; };
		E384CD28F301A5DBD5EE631B /* SceneDelegate.swift */ = {isa = PBXFileReference; lastKnownFileType = sourcecode.swift; path = SceneDelegate.swift; sourceTree = "<group>"; };
		E92451BF01E8A229D23E5BD0 /* step2_tips.PNG */ = {isa = PBXFileReference; lastKnownFileType = image.png; path = step2_tips.PNG; sourceTree = "<group>"; };
		EBE54F9824C7BF97EAFD9D1D /* LinePayHomeVC.swift */ = {isa = PBXFileReference; lastKnownFileType = sourcecode.swift; path = LinePayHomeVC.swift; sourceTree = "<group>"; };
		F7D62828C1E120383B5C79C3 /* step2_wrong.PNG */ = {isa = PBXFileReference; lastKnownFileType = image.png; path = step2_wrong.PNG; sourceTree = "<group>"; };
		F7EFE3346306EC9E3A2EC31F /* PasscodeStorageMock.swift */ = {isa = PBXFileReference; lastKnownFileType = sourcecode.swift; path = PasscodeStorageMock.swift; sourceTree = "<group>"; };
		FAD8BC920D212104E582F452 /* Assets.xcassets */ = {isa = PBXFileReference; lastKnownFileType = folder.assetcatalog; path = Assets.xcassets; sourceTree = "<group>"; };
		FC84F565EEFFCC513ABAE6BA /* PasscodeNumericPadView.swift */ = {isa = PBXFileReference; lastKnownFileType = sourcecode.swift; path = PasscodeNumericPadView.swift; sourceTree = "<group>"; };
		FCF32EF2C222EC8A974DE108 /* PublishSignal.swift */ = {isa = PBXFileReference; lastKnownFileType = sourcecode.swift; path = PublishSignal.swift; sourceTree = "<group>"; };
		FE656E5A3EBF0EFBEF29D8D7 /* PasscodeNumericPadView.xib */ = {isa = PBXFileReference; lastKnownFileType = file.xib; path = PasscodeNumericPadView.xib; sourceTree = "<group>"; };
/* End PBXFileReference section */

/* Begin PBXFrameworksBuildPhase section */
		9217DF223BC9C3C3825D7F6E /* Frameworks */ = {
			isa = PBXFrameworksBuildPhase;
			buildActionMask = 2147483647;
			files = (
				E1521F8BB8CD1E0D8220EECA /* Pods_PracticeUI.framework in Frameworks */,
			);
			runOnlyForDeploymentPostprocessing = 0;
		};
/* End PBXFrameworksBuildPhase section */

/* Begin PBXGroup section */
		0C7943EEA058B1CF1EF2124A /* change */ = {
			isa = PBXGroup;
			children = (
				0025BFB5E9668CCF17CF2C33 /* step1.PNG */,
				E92451BF01E8A229D23E5BD0 /* step2_tips.PNG */,
				F7D62828C1E120383B5C79C3 /* step2_wrong.PNG */,
				6053B179D8F679956CD701D3 /* step2_wrong2.PNG */,
				89217A18EA0827F54DDFB2AA /* step2.PNG */,
				5C03D92C060C0B8B099B7A71 /* step3_last.PNG */,
				4AAA02FF176D3A3648DA4534 /* step3_success.PNG */,
				0F55589E9875A4A6690B32C8 /* step3.PNG */,
			);
			path = change;
			sourceTree = "<group>";
		};
		321F92C113E0A08194BC2E21 /* launch */ = {
			isa = PBXGroup;
			children = (
				0829932EF3AD7620F74DC4E0 /* launch.PNG */,
				BCF1699A09962EB67585902F /* passcode_button_press.PNG */,
				55FCB55D77840802C3649955 /* passcode.PNG */,
				8FB0139F42227360AB2EB7AC /* passcude_input.jpeg */,
				D3FC8E06AA31DD5B08ADB07B /* turn_on_touchid.PNG */,
			);
			path = launch;
			sourceTree = "<group>";
		};
		3A1574FB61E08127F1DF268A /* Passcode */ = {
			isa = PBXGroup;
			children = (
				8A823A9F0B6F2478527DAEB4 /* Biometry.swift */,
				8FCFA3162D52A7A38035D189 /* LinePayPasscodeVC.swift */,
				B3BF8A69D65E2A4EED5E9363 /* PasscodeAuthViewModel.swift */,
				C8776D3C81EF053BFB7E1EF6 /* PasscodeChangeViewModel.swift */,
				AED6275E2A950BF90DC7D5FA /* PasscodeConfiguration.swift */,
				9A43240A3C16D73964EC011C /* PasscodeNumericButton.swift */,
				FC84F565EEFFCC513ABAE6BA /* PasscodeNumericPadView.swift */,
				FE656E5A3EBF0EFBEF29D8D7 /* PasscodeNumericPadView.xib */,
				556E7636C04AE2F5E91171DD /* PasscodeSetupViewModel.swift */,
				7B632EC6DB6C57CBF3A7C083 /* PasscodeSignsView.swift */,
				F7EFE3346306EC9E3A2EC31F /* PasscodeStorageMock.swift */,
				7CF2B5E3B00AD876EDBA02AA /* PasscodeViewModelType.swift */,
			);
			path = Passcode;
			sourceTree = "<group>";
		};
		3DB79B4A198FDFACEC354F2F /* Home */ = {
			isa = PBXGroup;
			children = (
				30D9812D98CC26C058E64654 /* BaseNavController.swift */,
				8A21F0BB0B403D8C40E3BCAA /* HomeTableCell.swift */,
				BBC4750323F774972FFBBA58 /* HomeTableViewController.swift */,
			);
			path = Home;
			sourceTree = "<group>";
		};
		496F0A506DA029FC7BF874C1 /* Frameworks */ = {
			isa = PBXGroup;
			children = (
				93321054ABFEACE2F9DE0A3C /* Pods_PracticeUI.framework */,
			);
			name = Frameworks;
			sourceTree = "<group>";
		};
		79A035C5F9D071DE57558C79 /* passcode */ = {
			isa = PBXGroup;
			children = (
				0C7943EEA058B1CF1EF2124A /* change */,
				321F92C113E0A08194BC2E21 /* launch */,
				7A888D5DFF559D9D0245ACEA /* turn_on_touchid */,
			);
			path = passcode;
			sourceTree = "<group>";
		};
		7A2AFC2498F420D4965DA802 /* Products */ = {
			isa = PBXGroup;
			children = (
				13037A9929F0E86D11309591 /* PracticeUI.app */,
			);
			name = Products;
			sourceTree = "<group>";
		};
		7A888D5DFF559D9D0245ACEA /* turn_on_touchid */ = {
			isa = PBXGroup;
			children = (
				163B6EEC7317C065DCBB1F3A /* turn_on_touchid_step1.PNG */,
				1F6CA9F3DF53AFC78BEBF459 /* turn_on_touchid_step2.PNG */,
			);
			path = turn_on_touchid;
			sourceTree = "<group>";
		};
		A30701C2AF278632FB377EB4 = {
			isa = PBXGroup;
			children = (
				F79B1728F09B51AEA01FBE84 /* PracticeUI */,
				7A2AFC2498F420D4965DA802 /* Products */,
				F861D1335072AC4B955D1614 /* Pods */,
				496F0A506DA029FC7BF874C1 /* Frameworks */,
			);
			sourceTree = "<group>";
		};
		B9CD62298AAAD69EF695078E /* configs */ = {
			isa = PBXGroup;
			children = (
				B84B2C044AE70428E84F85A9 /* debug.xcconfig */,
				B602094E70CF6E1CA2D0A9BE /* release.xcconfig */,
				7D8C98D66D96E1BAB978B116 /* staging.xcconfig */,
			);
			path = configs;
			sourceTree = "<group>";
		};
		CFAE89FC5E1A09ECB23FBF8C /* LinePay */ = {
			isa = PBXGroup;
			children = (
				717DB2C1366EFBEC3DAF6A66 /* BehaviorDriver.swift */,
				99859D79B633D91B570AEB50 /* LineColors.swift */,
				EBE54F9824C7BF97EAFD9D1D /* LinePayHomeVC.swift */,
				FCF32EF2C222EC8A974DE108 /* PublishSignal.swift */,
				3A1574FB61E08127F1DF268A /* Passcode */,
				DA119874890D7E3A5A5E7F19 /* UI Samples */,
			);
			path = LinePay;
			sourceTree = "<group>";
		};
		D8BC751B4BC6DCAA39E7FB11 /* Extensions */ = {
			isa = PBXGroup;
			children = (
				8DC04D2382174AB1752BC4FD /* SnapKitExtensions.swift */,
				65842E25742B15F78CA6EDCE /* UINib+VIew.swift */,
				9AD6E3DB6125ECCB19894F27 /* UIView+Gradient.swift */,
				82EF4FBA2787D4600F7E7929 /* UIViewController+Rx.swift */,
				BFBB4413BB3BD120719C2844 /* UserDefaults+Key.swift */,
			);
			path = Extensions;
			sourceTree = "<group>";
		};
		DA119874890D7E3A5A5E7F19 /* UI Samples */ = {
			isa = PBXGroup;
			children = (
				79A035C5F9D071DE57558C79 /* passcode */,
			);
			path = "UI Samples";
			sourceTree = "<group>";
		};
		E00172BC25DE4F5700B8C380 /* CustomContent */ = {
			isa = PBXGroup;
			children = (
				E00172AA25DE4AF200B8C380 /* ExampleHighlightableContentView.swift */,
				E00172B325DE4F3200B8C380 /* ExampleIrregularityContentView.swift */,
				E00172B025DE4F3200B8C380 /* ExampleBackgroundContentView.swift */,
				E00172B425DE4F3200B8C380 /* ExampleBasicContentView.swift */,
				E00172B125DE4F3200B8C380 /* ExampleBouncesContentView.swift */,
			);
			path = CustomContent;
			sourceTree = "<group>";
		};
		E0031A5725E66A3100BFFDF0 /* Barcode */ = {
			isa = PBXGroup;
			children = (
				E0031A4A25E62A8A00BFFDF0 /* BarcodeVC.swift */,
				E0031A5125E6508F00BFFDF0 /* BarcodeTypeSettingVC.swift */,
				E0031A5425E6582C00BFFDF0 /* BarcodeSettingStore.swift */,
			);
			path = Barcode;
			sourceTree = "<group>";
		};
		E0031A7125E8D35300BFFDF0 /* l10n */ = {
			isa = PBXGroup;
			children = (
				E0031A5C25E8A1F600BFFDF0 /* LocalizationDemoVC.swift */,
				E077A768260203090058739E /* LocalizeSettingTableVC.swift */,
				E0091E9726020AA2005AA433 /* Localize++.swift */,
				E077A7442601F15D0058739E /* Localizable.strings */,
			);
			path = l10n;
			sourceTree = "<group>";
		};
		E06C2D1B260B581E009E8570 /* BDTabBar */ = {
			isa = PBXGroup;
			children = (
				E06C2D09260B48B3009E8570 /* BDTabBarController.swift */,
				E065D0D1260D9313009C5883 /* UIViewController+BDTabBar.swift */,
				E06C2D1D260C7FFD009E8570 /* BDTabBarItem.swift */,
				E06C2D18260B54F9009E8570 /* BDBaseViewController.swift */,
				E06C2D0C260B4F19009E8570 /* BDTabBar.swift */,
				E06C2D13260B519E009E8570 /* BDTabBarItemContainer.swift */,
				E06C2D0F260B4F38009E8570 /* BDTabBarItemContentView.swift */,
			);
			path = BDTabBar;
			sourceTree = "<group>";
		};
		E077A7582601F2D30058739E /* Font Size */ = {
			isa = PBXGroup;
			children = (
				E0031D422601B5E400BFFDF0 /* FontSizeVC.swift */,
				E0031D472601B61200BFFDF0 /* FontManager.swift */,
			);
			path = "Font Size";
			sourceTree = "<group>";
		};
		E0FBFA4C25DD200100A32F54 /* TabBar */ = {
			isa = PBXGroup;
			children = (
				E038C12425DD0FE1006E93E5 /* ConvexTabBar.swift */,
				E038C12825DD1055006E93E5 /* MainTabBarController.swift */,
				E00172BC25DE4F5700B8C380 /* CustomContent */,
				E0FBFA4F25DD279A00A32F54 /* TestDelegateTabController.swift */,
				E0FBFA5025DD279A00A32F54 /* TestDelegateTabController.xib */,
				E038C12F25DD16C3006E93E5 /* TestContentPageViewController.swift */,
			);
			path = TabBar;
			sourceTree = "<group>";
		};
		F79B1728F09B51AEA01FBE84 /* PracticeUI */ = {
			isa = PBXGroup;
			children = (
				E27C233B446B375E3CA4A890 /* AppDelegate.swift */,
				FAD8BC920D212104E582F452 /* Assets.xcassets */,
				DB34B102A895914299968338 /* Info.plist */,
				E384CD28F301A5DBD5EE631B /* SceneDelegate.swift */,
				E077A7382601F04C0058739E /* Main.storyboard */,
				E077A73B2601F0560058739E /* LaunchScreen.storyboard */,
				A8C369AEAF53C1F377492A29 /* ViewController.swift */,
				E0031A4E25E64BD600BFFDF0 /* DebugLog.swift */,
				E06C2D1B260B581E009E8570 /* BDTabBar */,
				E077A7582601F2D30058739E /* Font Size */,
				E0031A7125E8D35300BFFDF0 /* l10n */,
				E0031A5725E66A3100BFFDF0 /* Barcode */,
				E0FBFA4C25DD200100A32F54 /* TabBar */,
				B9CD62298AAAD69EF695078E /* configs */,
				D8BC751B4BC6DCAA39E7FB11 /* Extensions */,
				3DB79B4A198FDFACEC354F2F /* Home */,
				CFAE89FC5E1A09ECB23FBF8C /* LinePay */,
			);
			path = PracticeUI;
			sourceTree = "<group>";
		};
		F861D1335072AC4B955D1614 /* Pods */ = {
			isa = PBXGroup;
			children = (
				E2BAF3AEA2BDAD0E116EE205 /* Pods-PracticeUI.debug.xcconfig */,
				A78E26E956F9DE72F948D912 /* Pods-PracticeUI.release.xcconfig */,
				B57CEB181A9CAAB6D4328600 /* Pods-PracticeUI.staging.xcconfig */,
			);
			path = Pods;
			sourceTree = "<group>";
		};
/* End PBXGroup section */

/* Begin PBXNativeTarget section */
		AE94757D2A671652CE7A56EF /* PracticeUI */ = {
			isa = PBXNativeTarget;
			buildConfigurationList = F90DE4485B58097AAFD06570 /* Build configuration list for PBXNativeTarget "PracticeUI" */;
			buildPhases = (
				C157E871592E378F6CDFBF53 /* [CP] Check Pods Manifest.lock */,
				487F8CC5ED8B11467BA587F2 /* Sources */,
				1EF1F9DF7D9A65DB808D2011 /* Resources */,
				9217DF223BC9C3C3825D7F6E /* Frameworks */,
				88113914857F2E999A759344 /* [CP] Embed Pods Frameworks */,
			);
			buildRules = (
			);
			dependencies = (
			);
			name = PracticeUI;
			productName = PracticeUI;
			productReference = 13037A9929F0E86D11309591 /* PracticeUI.app */;
			productType = "com.apple.product-type.application";
		};
/* End PBXNativeTarget section */

/* Begin PBXProject section */
		89220C7517197A73AFD9C6D3 /* Project object */ = {
			isa = PBXProject;
			attributes = {
				LastUpgradeCheck = 1200;
				TargetAttributes = {
					AE94757D2A671652CE7A56EF = {
						DevelopmentTeam = dev.team;
						ProvisioningStyle = Manual;
					};
				};
			};
			buildConfigurationList = 30FDE32D3362E47335152617 /* Build configuration list for PBXProject "PracticeUI" */;
			compatibilityVersion = "Xcode 10.0";
			developmentRegion = en;
			hasScannedForEncodings = 0;
			knownRegions = (
				en,
				"zh-Hant",
				"zh-Hans",
				ja,
				ko,
				de,
				fr,
				"fr-CA",
				es,
			);
			mainGroup = A30701C2AF278632FB377EB4;
			productRefGroup = 7A2AFC2498F420D4965DA802 /* Products */;
			projectDirPath = "";
			projectRoot = "";
			targets = (
				AE94757D2A671652CE7A56EF /* PracticeUI */,
			);
		};
/* End PBXProject section */

/* Begin PBXResourcesBuildPhase section */
		1EF1F9DF7D9A65DB808D2011 /* Resources */ = {
			isa = PBXResourcesBuildPhase;
			buildActionMask = 2147483647;
			files = (
				002683274E5D2D6E7D5DC77D /* Assets.xcassets in Resources */,
				0D73702CD99787D3B440CD4A /* PasscodeNumericPadView.xib in Resources */,
				E0FBFA5225DD279A00A32F54 /* TestDelegateTabController.xib in Resources */,
				B74D628EB5D798264DC8877B /* launch.PNG in Resources */,
				3B15C9908FE16F5B417D2877 /* passcode.PNG in Resources */,
				FBB285F11D179098F43C5578 /* passcode_button_press.PNG in Resources */,
				0C0BF31C0BB91AE6D72CA3D3 /* passcude_input.jpeg in Resources */,
				778B53237A343D2AF52C7353 /* step1.PNG in Resources */,
				69B594243D6BA5FCB61E56C4 /* turn_on_touchid_step1.PNG in Resources */,
				EF2321AE5562B23684AE98E2 /* step2.PNG in Resources */,
				C30FEDD4C16B05A71D80B212 /* turn_on_touchid_step2.PNG in Resources */,
				EA2280D22ECC57685E949DF8 /* step2_tips.PNG in Resources */,
				4D589B4AF9D27CF203AB2617 /* step2_wrong.PNG in Resources */,
				E077A73C2601F0560058739E /* LaunchScreen.storyboard in Resources */,
				0A6E3E99E4D2DC94637087AF /* step2_wrong2.PNG in Resources */,
				E388DC066AFD0EC578A73637 /* step3.PNG in Resources */,
				E077A7422601F15D0058739E /* Localizable.strings in Resources */,
				A7B69D98025214FC7FF64CE6 /* step3_last.PNG in Resources */,
				740A907F166BA7353D3AA42C /* step3_success.PNG in Resources */,
				E077A7392601F04C0058739E /* Main.storyboard in Resources */,
				DC502E7227DA7DD4FE824AAB /* turn_on_touchid.PNG in Resources */,
			);
			runOnlyForDeploymentPostprocessing = 0;
		};
/* End PBXResourcesBuildPhase section */

/* Begin PBXShellScriptBuildPhase section */
		88113914857F2E999A759344 /* [CP] Embed Pods Frameworks */ = {
			isa = PBXShellScriptBuildPhase;
			buildActionMask = 2147483647;
			files = (
			);
			inputFileListPaths = (
				"${PODS_ROOT}/Target Support Files/Pods-PracticeUI/Pods-PracticeUI-frameworks-${CONFIGURATION}-input-files.xcfilelist",
			);
			name = "[CP] Embed Pods Frameworks";
			outputFileListPaths = (
				"${PODS_ROOT}/Target Support Files/Pods-PracticeUI/Pods-PracticeUI-frameworks-${CONFIGURATION}-output-files.xcfilelist",
			);
			runOnlyForDeploymentPostprocessing = 0;
			shellPath = /bin/sh;
			shellScript = "\"${PODS_ROOT}/Target Support Files/Pods-PracticeUI/Pods-PracticeUI-frameworks.sh\"\n";
			showEnvVarsInLog = 0;
		};
		C157E871592E378F6CDFBF53 /* [CP] Check Pods Manifest.lock */ = {
			isa = PBXShellScriptBuildPhase;
			buildActionMask = 2147483647;
			files = (
			);
			inputFileListPaths = (
			);
			inputPaths = (
				"${PODS_PODFILE_DIR_PATH}/Podfile.lock",
				"${PODS_ROOT}/Manifest.lock",
			);
			name = "[CP] Check Pods Manifest.lock";
			outputFileListPaths = (
			);
			outputPaths = (
				"$(DERIVED_FILE_DIR)/Pods-PracticeUI-checkManifestLockResult.txt",
			);
			runOnlyForDeploymentPostprocessing = 0;
			shellPath = /bin/sh;
			shellScript = "diff \"${PODS_PODFILE_DIR_PATH}/Podfile.lock\" \"${PODS_ROOT}/Manifest.lock\" > /dev/null\nif [ $? != 0 ] ; then\n    # print error to STDERR\n    echo \"error: The sandbox is not in sync with the Podfile.lock. Run 'pod install' or update your CocoaPods installation.\" >&2\n    exit 1\nfi\n# This output is used by Xcode 'outputs' to avoid re-running this script phase.\necho \"SUCCESS\" > \"${SCRIPT_OUTPUT_FILE_0}\"\n";
			showEnvVarsInLog = 0;
		};
/* End PBXShellScriptBuildPhase section */

/* Begin PBXSourcesBuildPhase section */
		487F8CC5ED8B11467BA587F2 /* Sources */ = {
			isa = PBXSourcesBuildPhase;
			buildActionMask = 2147483647;
			files = (
				50534037060F3E7AEE1B2413 /* AppDelegate.swift in Sources */,
				AF4544305CC3AE38C1C89FCF /* BaseNavController.swift in Sources */,
				E0031A5D25E8A1F600BFFDF0 /* LocalizationDemoVC.swift in Sources */,
				351061B7833E0A8499B75EE6 /* BehaviorDriver.swift in Sources */,
				C694BDC713BDE21A20BE3599 /* Biometry.swift in Sources */,
				709910C1FA8C2E3209A624D5 /* HomeTableCell.swift in Sources */,
				E038C12525DD0FE1006E93E5 /* ConvexTabBar.swift in Sources */,
				E06C2D0D260B4F19009E8570 /* BDTabBar.swift in Sources */,
				E0031A5225E6508F00BFFDF0 /* BarcodeTypeSettingVC.swift in Sources */,
				AD92E0C7F3BF02838A75B534 /* HomeTableViewController.swift in Sources */,
				A908021B80C9F561DB1AFDA0 /* LineColors.swift in Sources */,
				D7F8A6513433A445C124A958 /* LinePayHomeVC.swift in Sources */,
				E077A769260203090058739E /* LocalizeSettingTableVC.swift in Sources */,
				230A7F5F80B87CEA8EB3DC58 /* LinePayPasscodeVC.swift in Sources */,
				E038C12925DD1055006E93E5 /* MainTabBarController.swift in Sources */,
				E0031D432601B5E500BFFDF0 /* FontSizeVC.swift in Sources */,
				E00172B625DE4F3200B8C380 /* ExampleIrregularityContentView.swift in Sources */,
				7990113BCAA77412845CC301 /* PasscodeAuthViewModel.swift in Sources */,
				E0031A4B25E62A8A00BFFDF0 /* BarcodeVC.swift in Sources */,
				CCFA9BDEA4BDDD4CBBF2FB43 /* PasscodeChangeViewModel.swift in Sources */,
				E038C13025DD16C3006E93E5 /* TestContentPageViewController.swift in Sources */,
				E065D0D2260D9313009C5883 /* UIViewController+BDTabBar.swift in Sources */,
				01B2E4E920FE705B1B1A100C /* PasscodeConfiguration.swift in Sources */,
				A6C850C419B383537B18FB34 /* PasscodeNumericButton.swift in Sources */,
				E06C2D0A260B48B3009E8570 /* BDTabBarController.swift in Sources */,
				B8EFD226CF07BF2F159A0D10 /* PasscodeNumericPadView.swift in Sources */,
				78B915FA3EBD2A4037DFA866 /* PasscodeSetupViewModel.swift in Sources */,
				E0031A5525E6582C00BFFDF0 /* BarcodeSettingStore.swift in Sources */,
				18F6D0DBFA328830EED48A09 /* PasscodeSignsView.swift in Sources */,
				E06C2D14260B519E009E8570 /* BDTabBarItemContainer.swift in Sources */,
				ED4C4C4DCB8EF2F81138A040 /* PasscodeStorageMock.swift in Sources */,
				E06C2D10260B4F38009E8570 /* BDTabBarItemContentView.swift in Sources */,
				0B75704934318F0C8CAB02EF /* PasscodeViewModelType.swift in Sources */,
				40BB2ED41D966B83D3E92939 /* PublishSignal.swift in Sources */,
				C608C4FBDD188C21165E9DF3 /* SnapKitExtensions.swift in Sources */,
				E0FBFA5125DD279A00A32F54 /* TestDelegateTabController.swift in Sources */,
				E0031D482601B61200BFFDF0 /* FontManager.swift in Sources */,
				E0091E9826020AA2005AA433 /* Localize++.swift in Sources */,
				E00172B825DE4F3200B8C380 /* ExampleBackgroundContentView.swift in Sources */,
				E00172B925DE4F3200B8C380 /* ExampleBouncesContentView.swift in Sources */,
				BDDDEED49821EE4AAEA48BA0 /* UINib+VIew.swift in Sources */,
				10D625CB81E855BBA3ACB732 /* UIView+Gradient.swift in Sources */,
				E0031A4F25E64BD600BFFDF0 /* DebugLog.swift in Sources */,
				E00172B525DE4F3200B8C380 /* ExampleBasicContentView.swift in Sources */,
				DEDE50DEEDB37242E8069297 /* UIViewController+Rx.swift in Sources */,
				F7C0A205E2651B3F187CA29B /* UserDefaults+Key.swift in Sources */,
				0A61FD7AEF799E111ED0F7A2 /* ViewController.swift in Sources */,
				E06C2D1E260C7FFD009E8570 /* BDTabBarItem.swift in Sources */,
				E06C2D19260B54F9009E8570 /* BDBaseViewController.swift in Sources */,
			);
			runOnlyForDeploymentPostprocessing = 0;
		};
/* End PBXSourcesBuildPhase section */

/* Begin PBXVariantGroup section */
		E077A7442601F15D0058739E /* Localizable.strings */ = {
			isa = PBXVariantGroup;
			children = (
				E077A7432601F15D0058739E /* en */,
				E077A7462601F1600058739E /* zh-Hant */,
				E077A7472601F1630058739E /* fr */,
				E077A7482601F1630058739E /* ko */,
				E077A7492601F1630058739E /* ja */,
				E077A74A2601F1640058739E /* de */,
				E0091E9526020971005AA433 /* fr-CA */,
				E0A395E626088BFC000189F7 /* es */,
			);
			name = Localizable.strings;
			sourceTree = "<group>";
		};
/* End PBXVariantGroup section */

/* Begin XCBuildConfiguration section */
		1BCF6932DEA9111D037CE478 /* DEBUG */ = {
			isa = XCBuildConfiguration;
			baseConfigurationReference = E2BAF3AEA2BDAD0E116EE205 /* Pods-PracticeUI.debug.xcconfig */;
			buildSettings = {
				ASSETCATALOG_COMPILER_APPICON_NAME = AppIcon;
				CODE_SIGN_IDENTITY = "iPhone Developer";
				CUSTOM_BUILD_SETTING = debug.idv.pokeduck;
				DEVELOPMENT_TEAM = V9WLWW5XKJ;
				INFOPLIST_FILE = PracticeUI/Info.plist;
				IPHONEOS_DEPLOYMENT_TARGET = 11.0;
				LD_RUNPATH_SEARCH_PATHS = (
					"$(inherited)",
					"@executable_path/Frameworks",
				);
				PRODUCT_BUNDLE_IDENTIFIER = com.begonia.dev.02;
				PROVISIONING_PROFILE_SPECIFIER = FGStagingDev;
				SDKROOT = iphoneos;
				TARGETED_DEVICE_FAMILY = "1,2";
			};
			name = DEBUG;
		};
		2C1FD0B4592E2C0F7D15F9F5 /* STAGING */ = {
			isa = XCBuildConfiguration;
			baseConfigurationReference = 7D8C98D66D96E1BAB978B116 /* staging.xcconfig */;
			buildSettings = {
				ALWAYS_SEARCH_USER_PATHS = NO;
				CLANG_ANALYZER_LOCALIZABILITY_NONLOCALIZED = YES;
				CLANG_ANALYZER_NONNULL = YES;
				CLANG_ANALYZER_NUMBER_OBJECT_CONVERSION = YES_AGGRESSIVE;
				CLANG_CXX_LANGUAGE_STANDARD = "gnu++14";
				CLANG_CXX_LIBRARY = "libc++";
				CLANG_ENABLE_MODULES = YES;
				CLANG_ENABLE_OBJC_ARC = YES;
				CLANG_ENABLE_OBJC_WEAK = YES;
				CLANG_WARN_BLOCK_CAPTURE_AUTORELEASING = YES;
				CLANG_WARN_BOOL_CONVERSION = YES;
				CLANG_WARN_COMMA = YES;
				CLANG_WARN_CONSTANT_CONVERSION = YES;
				CLANG_WARN_DEPRECATED_OBJC_IMPLEMENTATIONS = YES;
				CLANG_WARN_DIRECT_OBJC_ISA_USAGE = YES_ERROR;
				CLANG_WARN_DOCUMENTATION_COMMENTS = YES;
				CLANG_WARN_EMPTY_BODY = YES;
				CLANG_WARN_ENUM_CONVERSION = YES;
				CLANG_WARN_INFINITE_RECURSION = YES;
				CLANG_WARN_INT_CONVERSION = YES;
				CLANG_WARN_NON_LITERAL_NULL_CONVERSION = YES;
				CLANG_WARN_OBJC_IMPLICIT_RETAIN_SELF = YES;
				CLANG_WARN_OBJC_LITERAL_CONVERSION = YES;
				CLANG_WARN_OBJC_ROOT_CLASS = YES_ERROR;
				CLANG_WARN_QUOTED_INCLUDE_IN_FRAMEWORK_HEADER = YES;
				CLANG_WARN_RANGE_LOOP_ANALYSIS = YES;
				CLANG_WARN_STRICT_PROTOTYPES = YES;
				CLANG_WARN_SUSPICIOUS_MOVE = YES;
				CLANG_WARN_UNGUARDED_AVAILABILITY = YES_AGGRESSIVE;
				CLANG_WARN_UNREACHABLE_CODE = YES;
				CLANG_WARN__DUPLICATE_METHOD_MATCH = YES;
				CODE_SIGN_IDENTITY = sign.identity;
				CODE_SIGN_STYLE = Manual;
				COPY_PHASE_STRIP = NO;
				DEBUG_INFORMATION_FORMAT = "dwarf-with-dsym";
				DEVELOPMENT_TEAM = dev.team;
				ENABLE_NS_ASSERTIONS = NO;
				ENABLE_STRICT_OBJC_MSGSEND = YES;
				FRAMEWORK_SEARCH_PATHS = Frameworks/;
				GCC_C_LANGUAGE_STANDARD = gnu11;
				GCC_NO_COMMON_BLOCKS = YES;
				GCC_WARN_64_TO_32_BIT_CONVERSION = YES;
				GCC_WARN_ABOUT_RETURN_TYPE = YES_ERROR;
				GCC_WARN_UNDECLARED_SELECTOR = YES;
				GCC_WARN_UNINITIALIZED_AUTOS = YES_AGGRESSIVE;
				GCC_WARN_UNUSED_FUNCTION = YES;
				GCC_WARN_UNUSED_VARIABLE = YES;
				IPHONEOS_DEPLOYMENT_TARGET = 11.0;
				MTL_ENABLE_DEBUG_INFO = NO;
				MTL_FAST_MATH = YES;
				PRODUCT_NAME = "$(TARGET_NAME)";
				SDKROOT = iphoneos;
				SWIFT_COMPILATION_MODE = wholemodule;
				SWIFT_OPTIMIZATION_LEVEL = "-O";
				SWIFT_VERSION = 5.0;
			};
			name = STAGING;
		};
		2F7995AA4CB627DD2DE94E3D /* STAGING */ = {
			isa = XCBuildConfiguration;
			baseConfigurationReference = B57CEB181A9CAAB6D4328600 /* Pods-PracticeUI.staging.xcconfig */;
			buildSettings = {
				ASSETCATALOG_COMPILER_APPICON_NAME = AppIcon;
				CODE_SIGN_IDENTITY = "iPhone Developer";
				CUSTOM_BUILD_SETTING = staging.idv.pokeduck;
				INFOPLIST_FILE = PracticeUI/Info.plist;
				IPHONEOS_DEPLOYMENT_TARGET = 11.0;
				LD_RUNPATH_SEARCH_PATHS = (
					"$(inherited)",
					"@executable_path/Frameworks",
				);
				PRODUCT_BUNDLE_IDENTIFIER = tw.idv.pokeduck.PracticeUI;
				SDKROOT = iphoneos;
				TARGETED_DEVICE_FAMILY = "1,2";
			};
			name = STAGING;
		};
		4931346C0D3CFD31A7AB0673 /* DEBUG */ = {
			isa = XCBuildConfiguration;
			baseConfigurationReference = B84B2C044AE70428E84F85A9 /* debug.xcconfig */;
			buildSettings = {
				ALWAYS_SEARCH_USER_PATHS = NO;
				CLANG_ANALYZER_LOCALIZABILITY_NONLOCALIZED = YES;
				CLANG_ANALYZER_NONNULL = YES;
				CLANG_ANALYZER_NUMBER_OBJECT_CONVERSION = YES_AGGRESSIVE;
				CLANG_CXX_LANGUAGE_STANDARD = "gnu++14";
				CLANG_CXX_LIBRARY = "libc++";
				CLANG_ENABLE_MODULES = YES;
				CLANG_ENABLE_OBJC_ARC = YES;
				CLANG_ENABLE_OBJC_WEAK = YES;
				CLANG_WARN_BLOCK_CAPTURE_AUTORELEASING = YES;
				CLANG_WARN_BOOL_CONVERSION = YES;
				CLANG_WARN_COMMA = YES;
				CLANG_WARN_CONSTANT_CONVERSION = YES;
				CLANG_WARN_DEPRECATED_OBJC_IMPLEMENTATIONS = YES;
				CLANG_WARN_DIRECT_OBJC_ISA_USAGE = YES_ERROR;
				CLANG_WARN_DOCUMENTATION_COMMENTS = YES;
				CLANG_WARN_EMPTY_BODY = YES;
				CLANG_WARN_ENUM_CONVERSION = YES;
				CLANG_WARN_INFINITE_RECURSION = YES;
				CLANG_WARN_INT_CONVERSION = YES;
				CLANG_WARN_NON_LITERAL_NULL_CONVERSION = YES;
				CLANG_WARN_OBJC_IMPLICIT_RETAIN_SELF = YES;
				CLANG_WARN_OBJC_LITERAL_CONVERSION = YES;
				CLANG_WARN_OBJC_ROOT_CLASS = YES_ERROR;
				CLANG_WARN_QUOTED_INCLUDE_IN_FRAMEWORK_HEADER = YES;
				CLANG_WARN_RANGE_LOOP_ANALYSIS = YES;
				CLANG_WARN_STRICT_PROTOTYPES = YES;
				CLANG_WARN_SUSPICIOUS_MOVE = YES;
				CLANG_WARN_UNGUARDED_AVAILABILITY = YES_AGGRESSIVE;
				CLANG_WARN_UNREACHABLE_CODE = YES;
				CLANG_WARN__DUPLICATE_METHOD_MATCH = YES;
				CODE_SIGN_IDENTITY = sign.identity;
				CODE_SIGN_STYLE = Manual;
				COPY_PHASE_STRIP = NO;
				DEBUG_INFORMATION_FORMAT = dwarf;
				DEVELOPMENT_TEAM = dev.team;
				ENABLE_STRICT_OBJC_MSGSEND = YES;
				ENABLE_TESTABILITY = YES;
				FRAMEWORK_SEARCH_PATHS = Frameworks/;
				GCC_C_LANGUAGE_STANDARD = gnu11;
				GCC_DYNAMIC_NO_PIC = NO;
				GCC_NO_COMMON_BLOCKS = YES;
				GCC_OPTIMIZATION_LEVEL = 0;
				GCC_PREPROCESSOR_DEFINITIONS = (
					"$(inherited)",
					"DEBUG=1",
				);
				GCC_WARN_64_TO_32_BIT_CONVERSION = YES;
				GCC_WARN_ABOUT_RETURN_TYPE = YES_ERROR;
				GCC_WARN_UNDECLARED_SELECTOR = YES;
				GCC_WARN_UNINITIALIZED_AUTOS = YES_AGGRESSIVE;
				GCC_WARN_UNUSED_FUNCTION = YES;
				GCC_WARN_UNUSED_VARIABLE = YES;
				IPHONEOS_DEPLOYMENT_TARGET = 11.0;
				MTL_ENABLE_DEBUG_INFO = INCLUDE_SOURCE;
				MTL_FAST_MATH = YES;
				ONLY_ACTIVE_ARCH = YES;
				PRODUCT_NAME = "$(TARGET_NAME)";
				SDKROOT = iphoneos;
				SWIFT_ACTIVE_COMPILATION_CONDITIONS = DEBUG;
				SWIFT_OPTIMIZATION_LEVEL = "-Onone";
				SWIFT_VERSION = 5.0;
			};
			name = DEBUG;
		};
		AC5D3949752D7975940A754E /* RELEASE */ = {
			isa = XCBuildConfiguration;
			baseConfigurationReference = B602094E70CF6E1CA2D0A9BE /* release.xcconfig */;
			buildSettings = {
				ALWAYS_SEARCH_USER_PATHS = NO;
				CLANG_ANALYZER_LOCALIZABILITY_NONLOCALIZED = YES;
				CLANG_ANALYZER_NONNULL = YES;
				CLANG_ANALYZER_NUMBER_OBJECT_CONVERSION = YES_AGGRESSIVE;
				CLANG_CXX_LANGUAGE_STANDARD = "gnu++14";
				CLANG_CXX_LIBRARY = "libc++";
				CLANG_ENABLE_MODULES = YES;
				CLANG_ENABLE_OBJC_ARC = YES;
				CLANG_ENABLE_OBJC_WEAK = YES;
				CLANG_WARN_BLOCK_CAPTURE_AUTORELEASING = YES;
				CLANG_WARN_BOOL_CONVERSION = YES;
				CLANG_WARN_COMMA = YES;
				CLANG_WARN_CONSTANT_CONVERSION = YES;
				CLANG_WARN_DEPRECATED_OBJC_IMPLEMENTATIONS = YES;
				CLANG_WARN_DIRECT_OBJC_ISA_USAGE = YES_ERROR;
				CLANG_WARN_DOCUMENTATION_COMMENTS = YES;
				CLANG_WARN_EMPTY_BODY = YES;
				CLANG_WARN_ENUM_CONVERSION = YES;
				CLANG_WARN_INFINITE_RECURSION = YES;
				CLANG_WARN_INT_CONVERSION = YES;
				CLANG_WARN_NON_LITERAL_NULL_CONVERSION = YES;
				CLANG_WARN_OBJC_IMPLICIT_RETAIN_SELF = YES;
				CLANG_WARN_OBJC_LITERAL_CONVERSION = YES;
				CLANG_WARN_OBJC_ROOT_CLASS = YES_ERROR;
				CLANG_WARN_QUOTED_INCLUDE_IN_FRAMEWORK_HEADER = YES;
				CLANG_WARN_RANGE_LOOP_ANALYSIS = YES;
				CLANG_WARN_STRICT_PROTOTYPES = YES;
				CLANG_WARN_SUSPICIOUS_MOVE = YES;
				CLANG_WARN_UNGUARDED_AVAILABILITY = YES_AGGRESSIVE;
				CLANG_WARN_UNREACHABLE_CODE = YES;
				CLANG_WARN__DUPLICATE_METHOD_MATCH = YES;
				CODE_SIGN_IDENTITY = sign.identity;
				CODE_SIGN_STYLE = Manual;
				COPY_PHASE_STRIP = NO;
				DEBUG_INFORMATION_FORMAT = "dwarf-with-dsym";
				DEVELOPMENT_TEAM = dev.team;
				ENABLE_NS_ASSERTIONS = NO;
				ENABLE_STRICT_OBJC_MSGSEND = YES;
				FRAMEWORK_SEARCH_PATHS = Frameworks/;
				GCC_C_LANGUAGE_STANDARD = gnu11;
				GCC_NO_COMMON_BLOCKS = YES;
				GCC_WARN_64_TO_32_BIT_CONVERSION = YES;
				GCC_WARN_ABOUT_RETURN_TYPE = YES_ERROR;
				GCC_WARN_UNDECLARED_SELECTOR = YES;
				GCC_WARN_UNINITIALIZED_AUTOS = YES_AGGRESSIVE;
				GCC_WARN_UNUSED_FUNCTION = YES;
				GCC_WARN_UNUSED_VARIABLE = YES;
				IPHONEOS_DEPLOYMENT_TARGET = 11.0;
				MTL_ENABLE_DEBUG_INFO = NO;
				MTL_FAST_MATH = YES;
				PRODUCT_NAME = "$(TARGET_NAME)";
				SDKROOT = iphoneos;
				SWIFT_COMPILATION_MODE = wholemodule;
				SWIFT_OPTIMIZATION_LEVEL = "-O";
				SWIFT_VERSION = 5.0;
			};
			name = RELEASE;
		};
		BEBFD188ED0B4046FEC430FF /* RELEASE */ = {
			isa = XCBuildConfiguration;
			baseConfigurationReference = A78E26E956F9DE72F948D912 /* Pods-PracticeUI.release.xcconfig */;
			buildSettings = {
				ASSETCATALOG_COMPILER_APPICON_NAME = AppIcon;
				CODE_SIGN_IDENTITY = "iPhone Developer";
				CUSTOM_BUILD_SETTING = release.idv.pokeduck;
				INFOPLIST_FILE = PracticeUI/Info.plist;
				IPHONEOS_DEPLOYMENT_TARGET = 11.0;
				LD_RUNPATH_SEARCH_PATHS = (
					"$(inherited)",
					"@executable_path/Frameworks",
				);
				PRODUCT_BUNDLE_IDENTIFIER = tw.idv.pokeduck.PracticeUI;
				SDKROOT = iphoneos;
				TARGETED_DEVICE_FAMILY = "1,2";
			};
			name = RELEASE;
		};
/* End XCBuildConfiguration section */

/* Begin XCConfigurationList section */
		30FDE32D3362E47335152617 /* Build configuration list for PBXProject "PracticeUI" */ = {
			isa = XCConfigurationList;
			buildConfigurations = (
				4931346C0D3CFD31A7AB0673 /* DEBUG */,
				AC5D3949752D7975940A754E /* RELEASE */,
				2C1FD0B4592E2C0F7D15F9F5 /* STAGING */,
			);
			defaultConfigurationIsVisible = 0;
			defaultConfigurationName = DEBUG;
		};
		F90DE4485B58097AAFD06570 /* Build configuration list for PBXNativeTarget "PracticeUI" */ = {
			isa = XCConfigurationList;
			buildConfigurations = (
				1BCF6932DEA9111D037CE478 /* DEBUG */,
				BEBFD188ED0B4046FEC430FF /* RELEASE */,
				2F7995AA4CB627DD2DE94E3D /* STAGING */,
			);
			defaultConfigurationIsVisible = 0;
			defaultConfigurationName = DEBUG;
		};
/* End XCConfigurationList section */
	};
	rootObject = 89220C7517197A73AFD9C6D3 /* Project object */;
}
